
Microsoft Visual Studio Solution File, Format Version 12.00
# Visual Studio 15
VisualStudioVersion = 15.0.27703.2000
MinimumVisualStudioVersion = 10.0.40219.1
Project("{FAE04EC0-301F-11D3-BF4B-00C04F79EFBC}") = "Binary_Project_Structure", "Binary_Project_Structure\Binary_Project_Structure.csproj", "{5FABC6C1-B1CF-4218-A6D3-5AC3469EEBBD}"
EndProject
Project("{FAE04EC0-301F-11D3-BF4B-00C04F79EFBC}") = "Binary_Project_Structure_DataAccess", "Binary_Project_Structure_DataAccess\Binary_Project_Structure_DataAccess.csproj", "{B28E9D44-25EB-4360-9AFB-268AAB5827B6}"
EndProject
Project("{FAE04EC0-301F-11D3-BF4B-00C04F79EFBC}") = "Binary_Project_Structure_Shared", "Binary_Project_Structure_Shared\Binary_Project_Structure_Shared.csproj", "{5D34F207-69AF-4F62-BA01-21FDFEA3E0EA}"
EndProject
Project("{FAE04EC0-301F-11D3-BF4B-00C04F79EFBC}") = "Binary_Project_Structure_BLL", "Binary_Project_Structure_BLL\Binary_Project_Structure_BLL.csproj", "{6142504D-4382-4CD7-A665-BD27ADD46A77}"
EndProject
Global
	GlobalSection(SolutionConfigurationPlatforms) = preSolution
		Debug|Any CPU = Debug|Any CPU
		Release|Any CPU = Release|Any CPU
	EndGlobalSection
	GlobalSection(ProjectConfigurationPlatforms) = postSolution
		{5FABC6C1-B1CF-4218-A6D3-5AC3469EEBBD}.Debug|Any CPU.ActiveCfg = Debug|Any CPU
		{5FABC6C1-B1CF-4218-A6D3-5AC3469EEBBD}.Debug|Any CPU.Build.0 = Debug|Any CPU
		{5FABC6C1-B1CF-4218-A6D3-5AC3469EEBBD}.Release|Any CPU.ActiveCfg = Release|Any CPU
		{5FABC6C1-B1CF-4218-A6D3-5AC3469EEBBD}.Release|Any CPU.Build.0 = Release|Any CPU
		{B28E9D44-25EB-4360-9AFB-268AAB5827B6}.Debug|Any CPU.ActiveCfg = Debug|Any CPU
		{B28E9D44-25EB-4360-9AFB-268AAB5827B6}.Debug|Any CPU.Build.0 = Debug|Any CPU
		{B28E9D44-25EB-4360-9AFB-268AAB5827B6}.Release|Any CPU.ActiveCfg = Release|Any CPU
		{B28E9D44-25EB-4360-9AFB-268AAB5827B6}.Release|Any CPU.Build.0 = Release|Any CPU
		{5D34F207-69AF-4F62-BA01-21FDFEA3E0EA}.Debug|Any CPU.ActiveCfg = Debug|Any CPU
		{5D34F207-69AF-4F62-BA01-21FDFEA3E0EA}.Debug|Any CPU.Build.0 = Debug|Any CPU
		{5D34F207-69AF-4F62-BA01-21FDFEA3E0EA}.Release|Any CPU.ActiveCfg = Release|Any CPU
		{5D34F207-69AF-4F62-BA01-21FDFEA3E0EA}.Release|Any CPU.Build.0 = Release|Any CPU
		{6142504D-4382-4CD7-A665-BD27ADD46A77}.Debug|Any CPU.ActiveCfg = Debug|Any CPU
		{6142504D-4382-4CD7-A665-BD27ADD46A77}.Debug|Any CPU.Build.0 = Debug|Any CPU
		{6142504D-4382-4CD7-A665-BD27ADD46A77}.Release|Any CPU.ActiveCfg = Release|Any CPU
		{6142504D-4382-4CD7-A665-BD27ADD46A77}.Release|Any CPU.Build.0 = Release|Any CPU
	EndGlobalSection
	GlobalSection(SolutionProperties) = preSolution
		HideSolutionNode = FALSE
	EndGlobalSection
	GlobalSection(ExtensibilityGlobals) = postSolution
		SolutionGuid = {7F972FAA-EBD0-4AAD-891F-467E8028AC21}
	EndGlobalSection
EndGlobal
